
Microsoft Visual Studio Solution File, Format Version 12.00
# Visual Studio 15
VisualStudioVersion = 15.0.28010.2026
MinimumVisualStudioVersion = 10.0.40219.1
Project("{FAE04EC0-301F-11D3-BF4B-00C04F79EFBC}") = "LAB2.1", "LAB2.1\LAB2.1.csproj", "{17FA86F9-429D-447F-9738-099433AD9DC4}"
EndProject
Global
	GlobalSection(SolutionConfigurationPlatforms) = preSolution
		Debug|Any CPU = Debug|Any CPU
		Release|Any CPU = Release|Any CPU
	EndGlobalSection
	GlobalSection(ProjectConfigurationPlatforms) = postSolution
		{17FA86F9-429D-447F-9738-099433AD9DC4}.Debug|Any CPU.ActiveCfg = Debug|Any CPU
		{17FA86F9-429D-447F-9738-099433AD9DC4}.Debug|Any CPU.Build.0 = Debug|Any CPU
		{17FA86F9-429D-447F-9738-099433AD9DC4}.Release|Any CPU.ActiveCfg = Release|Any CPU
		{17FA86F9-429D-447F-9738-099433AD9DC4}.Release|Any CPU.Build.0 = Release|Any CPU
	EndGlobalSection
	GlobalSection(SolutionProperties) = preSolution
		HideSolutionNode = FALSE
	EndGlobalSection
	GlobalSection(ExtensibilityGlobals) = postSolution
		SolutionGuid = {96762BFF-CF5E-4FBC-84A9-BB443B075FCB}
	EndGlobalSection
EndGlobal
